{
  "name": "bootstrap-admin",
  "lockfileVersion": 2,
  "requires": true,
  "packages": {
    "": {
      "dependencies": {
        "@ztree/ztree_v3": "^3.5.48",
        "bootstrap-icons": "^1.9.1",
        "chart.js": "^3.8.0",
        "jquery": "^3.6.0",
        "moment": "^2.29.4"
      }
    },
    "node_modules/@ztree/ztree_v3": {
      "version": "3.5.48",
      "resolved": "https://registry.npmjs.org/@ztree/ztree_v3/-/ztree_v3-3.5.48.tgz",
      "integrity": "sha512-4dSA1g26T3j/O3I89+r/Palg+a+xwMGRS1etZoggnCGBPoOrwW8VGA3zitJCK/Yd7eEMX+LfKTRJjEGiWpoN3w==",
      "dependencies": {
        "jquery": ">=1.4.4"
      },
      "engines": {
        "node": ">=0.10.0"
      }
    },
    "node_modules/bootstrap-icons": {
      "version": "1.9.1",
      "resolved": "https://registry.npmjs.org/bootstrap-icons/-/bootstrap-icons-1.9.1.tgz",
      "integrity": "sha512-d4ZkO30MIkAhQ2nNRJqKXJVEQorALGbLWTuRxyCTJF96lRIV6imcgMehWGJUiJMJhglN0o2tqLIeDnMdiQEE9g=="
    },
    "node_modules/chart.js": {
      "version": "3.8.0",
      "resolved": "https://registry.npmjs.org/chart.js/-/chart.js-3.8.0.tgz",
      "integrity": "sha512-cr8xhrXjLIXVLOBZPkBZVF6NDeiVIrPLHcMhnON7UufudL+CNeRrD+wpYanswlm8NpudMdrt3CHoLMQMxJhHRg=="
    },
    "node_modules/jquery": {
      "version": "3.6.0",
      "resolved": "https://registry.npmjs.org/jquery/-/jquery-3.6.0.tgz",
      "integrity": "sha512-JVzAR/AjBvVt2BmYhxRCSYysDsPcssdmTFnzyLEts9qNwmjmu4JTAMYubEfwVOSwpQ1I1sKKFcxhZCI2buerfw=="
    },
    "node_modules/moment": {
      "version": "2.29.4",
      "resolved": "https://registry.npmjs.org/moment/-/moment-2.29.4.tgz",
      "integrity": "sha512-5LC9SOxjSc2HF6vO2CyuTDNivEdoz2IvyJJGj6X8DJ0eFyfszE0QiEd+iXmBvUP3WHxSjFH/vIsA0EN00cgr8w==",
      "engines": {
        "node": "*"
      }
    }
  },
  "dependencies": {
    "@ztree/ztree_v3": {
      "version": "3.5.48",
      "resolved": "https://registry.npmjs.org/@ztree/ztree_v3/-/ztree_v3-3.5.48.tgz",
      "integrity": "sha512-4dSA1g26T3j/O3I89+r/Palg+a+xwMGRS1etZoggnCGBPoOrwW8VGA3zitJCK/Yd7eEMX+LfKTRJjEGiWpoN3w==",
      "requires": {
        "jquery": ">=1.4.4"
      }
    },
    "bootstrap-icons": {
      "version": "1.9.1",
      "resolved": "https://registry.npmjs.org/bootstrap-icons/-/bootstrap-icons-1.9.1.tgz",
      "integrity": "sha512-d4ZkO30MIkAhQ2nNRJqKXJVEQorALGbLWTuRxyCTJF96lRIV6imcgMehWGJUiJMJhglN0o2tqLIeDnMdiQEE9g=="
    },
    "chart.js": {
      "version": "3.8.0",
      "resolved": "https://registry.npmjs.org/chart.js/-/chart.js-3.8.0.tgz",
      "integrity": "sha512-cr8xhrXjLIXVLOBZPkBZVF6NDeiVIrPLHcMhnON7UufudL+CNeRrD+wpYanswlm8NpudMdrt3CHoLMQMxJhHRg=="
    },
    "jquery": {
      "version": "3.6.0",
      "resolved": "https://registry.npmjs.org/jquery/-/jquery-3.6.0.tgz",
      "integrity": "sha512-JVzAR/AjBvVt2BmYhxRCSYysDsPcssdmTFnzyLEts9qNwmjmu4JTAMYubEfwVOSwpQ1I1sKKFcxhZCI2buerfw=="
    },
    "moment": {
      "version": "2.29.4",
      "resolved": "https://registry.npmjs.org/moment/-/moment-2.29.4.tgz",
      "integrity": "sha512-5LC9SOxjSc2HF6vO2CyuTDNivEdoz2IvyJJGj6X8DJ0eFyfszE0QiEd+iXmBvUP3WHxSjFH/vIsA0EN00cgr8w=="
    }
  }
}
